// !$*UTF8*$!
{
	archiveVersion = 1;
	classes = {
	};
	objectVersion = 46;
	objects = {

/* Begin PBXBuildFile section */
		8E018D9C1A2A3D9C00BFBC40 /* AppDelegate.swift in Sources */ = {isa = PBXBuildFile; fileRef = 8E018D9B1A2A3D9C00BFBC40 /* AppDelegate.swift */; };
		8E018D9E1A2A3D9C00BFBC40 /* ViewController.swift in Sources */ = {isa = PBXBuildFile; fileRef = 8E018D9D1A2A3D9C00BFBC40 /* ViewController.swift */; };
		8E018DA11A2A3D9C00BFBC40 /* Main.storyboard in Resources */ = {isa = PBXBuildFile; fileRef = 8E018D9F1A2A3D9C00BFBC40 /* Main.storyboard */; };
		8E018DA31A2A3D9C00BFBC40 /* Images.xcassets in Resources */ = {isa = PBXBuildFile; fileRef = 8E018DA21A2A3D9C00BFBC40 /* Images.xcassets */; };
		8E018DA61A2A3D9C00BFBC40 /* LaunchScreen.xib in Resources */ = {isa = PBXBuildFile; fileRef = 8E018DA41A2A3D9C00BFBC40 /* LaunchScreen.xib */; };
		8E018DB21A2A3D9C00BFBC40 /* CardsDemoTests.swift in Sources */ = {isa = PBXBuildFile; fileRef = 8E018DB11A2A3D9C00BFBC40 /* CardsDemoTests.swift */; };
		8E018DBD1A2A3DC100BFBC40 /* MABCardsContainer.swift in Sources */ = {isa = PBXBuildFile; fileRef = 8E018DBB1A2A3DC100BFBC40 /* MABCardsContainer.swift */; };
		8E018DBE1A2A3DC100BFBC40 /* MABCardView.swift in Sources */ = {isa = PBXBuildFile; fileRef = 8E018DBC1A2A3DC100BFBC40 /* MABCardView.swift */; };
/* End PBXBuildFile section */

/* Begin PBXContainerItemProxy section */
		8E018DAC1A2A3D9C00BFBC40 /* PBXContainerItemProxy */ = {
			isa = PBXContainerItemProxy;
			containerPortal = 8E018D8E1A2A3D9B00BFBC40 /* Project object */;
			proxyType = 1;
			remoteGlobalIDString = 8E018D951A2A3D9B00BFBC40;
			remoteInfo = CardsDemo;
		};
/* End PBXContainerItemProxy section */

/* Begin PBXFileReference section */
		8E018D961A2A3D9B00BFBC40 /* CardsDemo.app */ = {isa = PBXFileReference; explicitFileType = wrapper.application; includeInIndex = 0; path = CardsDemo.app; sourceTree = BUILT_PRODUCTS_DIR; };
		8E018D9A1A2A3D9C00BFBC40 /* Info.plist */ = {isa = PBXFileReference; lastKnownFileType = text.plist.xml; path = Info.plist; sourceTree = "<group>"; };
		8E018D9B1A2A3D9C00BFBC40 /* AppDelegate.swift */ = {isa = PBXFileReference; lastKnownFileType = sourcecode.swift; path = AppDelegate.swift; sourceTree = "<group>"; };
		8E018D9D1A2A3D9C00BFBC40 /* ViewController.swift */ = {isa = PBXFileReference; lastKnownFileType = sourcecode.swift; path = ViewController.swift; sourceTree = "<group>"; };
		8E018DA01A2A3D9C00BFBC40 /* Base */ = {isa = PBXFileReference; lastKnownFileType = file.storyboard; name = Base; path = Base.lproj/Main.storyboard; sourceTree = "<group>"; };
		8E018DA21A2A3D9C00BFBC40 /* Images.xcassets */ = {isa = PBXFileReference; lastKnownFileType = folder.assetcatalog; path = Images.xcassets; sourceTree = "<group>"; };
		8E018DA51A2A3D9C00BFBC40 /* Base */ = {isa = PBXFileReference; lastKnownFileType = file.xib; name = Base; path = Base.lproj/LaunchScreen.xib; sourceTree = "<group>"; };
		8E018DAB1A2A3D9C00BFBC40 /* CardsDemoTests.xctest */ = {isa = PBXFileReference; explicitFileType = wrapper.cfbundle; includeInIndex = 0; path = CardsDemoTests.xctest; sourceTree = BUILT_PRODUCTS_DIR; };
		8E018DB01A2A3D9C00BFBC40 /* Info.plist */ = {isa = PBXFileReference; lastKnownFileType = text.plist.xml; path = Info.plist; sourceTree = "<group>"; };
		8E018DB11A2A3D9C00BFBC40 /* CardsDemoTests.swift */ = {isa = PBXFileReference; lastKnownFileType = sourcecode.swift; path = CardsDemoTests.swift; sourceTree = "<group>"; };
		8E018DBB1A2A3DC100BFBC40 /* MABCardsContainer.swift */ = {isa = PBXFileReference; fileEncoding = 4; lastKnownFileType = sourcecode.swift; path = MABCardsContainer.swift; sourceTree = "<group>"; };
		8E018DBC1A2A3DC100BFBC40 /* MABCardView.swift */ = {isa = PBXFileReference; fileEncoding = 4; lastKnownFileType = sourcecode.swift; path = MABCardView.swift; sourceTree = "<group>"; };
/* End PBXFileReference section */

/* Begin PBXFrameworksBuildPhase section */
		8E018D931A2A3D9B00BFBC40 /* Frameworks */ = {
			isa = PBXFrameworksBuildPhase;
			buildActionMask = 2147483647;
			files = (
			);
			runOnlyForDeploymentPostprocessing = 0;
		};
		8E018DA81A2A3D9C00BFBC40 /* Frameworks */ = {
			isa = PBXFrameworksBuildPhase;
			buildActionMask = 2147483647;
			files = (
			);
			runOnlyForDeploymentPostprocessing = 0;
		};
/* End PBXFrameworksBuildPhase section */

/* Begin PBXGroup section */
		8E018D8D1A2A3D9B00BFBC40 = {
			isa = PBXGroup;
			children = (
				8E018D981A2A3D9B00BFBC40 /* CardsDemo */,
				8E018DAE1A2A3D9C00BFBC40 /* CardsDemoTests */,
				8E018D971A2A3D9B00BFBC40 /* Products */,
			);
			sourceTree = "<group>";
		};
		8E018D971A2A3D9B00BFBC40 /* Products */ = {
			isa = PBXGroup;
			children = (
				8E018D961A2A3D9B00BFBC40 /* CardsDemo.app */,
				8E018DAB1A2A3D9C00BFBC40 /* CardsDemoTests.xctest */,
			);
			name = Products;
			sourceTree = "<group>";
		};
		8E018D981A2A3D9B00BFBC40 /* CardsDemo */ = {
			isa = PBXGroup;
			children = (
				8E018DBB1A2A3DC100BFBC40 /* MABCardsContainer.swift */,
				8E018DBC1A2A3DC100BFBC40 /* MABCardView.swift */,
				8E018D9B1A2A3D9C00BFBC40 /* AppDelegate.swift */,
				8E018D9D1A2A3D9C00BFBC40 /* ViewController.swift */,
				8E018D9F1A2A3D9C00BFBC40 /* Main.storyboard */,
				8E018DA21A2A3D9C00BFBC40 /* Images.xcassets */,
				8E018DA41A2A3D9C00BFBC40 /* LaunchScreen.xib */,
				8E018D991A2A3D9B00BFBC40 /* Supporting Files */,
			);
			path = CardsDemo;
			sourceTree = "<group>";
		};
		8E018D991A2A3D9B00BFBC40 /* Supporting Files */ = {
			isa = PBXGroup;
			children = (
				8E018D9A1A2A3D9C00BFBC40 /* Info.plist */,
			);
			name = "Supporting Files";
			sourceTree = "<group>";
		};
		8E018DAE1A2A3D9C00BFBC40 /* CardsDemoTests */ = {
			isa = PBXGroup;
			children = (
				8E018DB11A2A3D9C00BFBC40 /* CardsDemoTests.swift */,
				8E018DAF1A2A3D9C00BFBC40 /* Supporting Files */,
			);
			path = CardsDemoTests;
			sourceTree = "<group>";
		};
		8E018DAF1A2A3D9C00BFBC40 /* Supporting Files */ = {
			isa = PBXGroup;
			children = (
				8E018DB01A2A3D9C00BFBC40 /* Info.plist */,
			);
			name = "Supporting Files";
			sourceTree = "<group>";
		};
/* End PBXGroup section */

/* Begin PBXNativeTarget section */
		8E018D951A2A3D9B00BFBC40 /* CardsDemo */ = {
			isa = PBXNativeTarget;
			buildConfigurationList = 8E018DB51A2A3D9C00BFBC40 /* Build configuration list for PBXNativeTarget "CardsDemo" */;
			buildPhases = (
				8E018D921A2A3D9B00BFBC40 /* Sources */,
				8E018D931A2A3D9B00BFBC40 /* Frameworks */,
				8E018D941A2A3D9B00BFBC40 /* Resources */,
			);
			buildRules = (
			);
			dependencies = (
			);
			name = CardsDemo;
			productName = CardsDemo;
			productReference = 8E018D961A2A3D9B00BFBC40 /* CardsDemo.app */;
			productType = "com.apple.product-type.application";
		};
		8E018DAA1A2A3D9C00BFBC40 /* CardsDemoTests */ = {
			isa = PBXNativeTarget;
			buildConfigurationList = 8E018DB81A2A3D9C00BFBC40 /* Build configuration list for PBXNativeTarget "CardsDemoTests" */;
			buildPhases = (
				8E018DA71A2A3D9C00BFBC40 /* Sources */,
				8E018DA81A2A3D9C00BFBC40 /* Frameworks */,
				8E018DA91A2A3D9C00BFBC40 /* Resources */,
			);
			buildRules = (
			);
			dependencies = (
				8E018DAD1A2A3D9C00BFBC40 /* PBXTargetDependency */,
			);
			name = CardsDemoTests;
			productName = CardsDemoTests;
			productReference = 8E018DAB1A2A3D9C00BFBC40 /* CardsDemoTests.xctest */;
			productType = "com.apple.product-type.bundle.unit-test";
		};
/* End PBXNativeTarget section */

/* Begin PBXProject section */
		8E018D8E1A2A3D9B00BFBC40 /* Project object */ = {
			isa = PBXProject;
			attributes = {
				LastUpgradeCheck = 0610;
				ORGANIZATIONNAME = "Muhammad Bassio";
				TargetAttributes = {
					8E018D951A2A3D9B00BFBC40 = {
						CreatedOnToolsVersion = 6.1;
					};
					8E018DAA1A2A3D9C00BFBC40 = {
						CreatedOnToolsVersion = 6.1;
						TestTargetID = 8E018D951A2A3D9B00BFBC40;
					};
				};
			};
			buildConfigurationList = 8E018D911A2A3D9B00BFBC40 /* Build configuration list for PBXProject "CardsDemo" */;
			compatibilityVersion = "Xcode 3.2";
			developmentRegion = English;
			hasScannedForEncodings = 0;
			knownRegions = (
				en,
				Base,
			);
			mainGroup = 8E018D8D1A2A3D9B00BFBC40;
			productRefGroup = 8E018D971A2A3D9B00BFBC40 /* Products */;
			projectDirPath = "";
			projectRoot = "";
			targets = (
				8E018D951A2A3D9B00BFBC40 /* CardsDemo */,
				8E018DAA1A2A3D9C00BFBC40 /* CardsDemoTests */,
			);
		};
/* End PBXProject section */

/* Begin PBXResourcesBuildPhase section */
		8E018D941A2A3D9B00BFBC40 /* Resources */ = {
			isa = PBXResourcesBuildPhase;
			buildActionMask = 2147483647;
			files = (
				8E018DA11A2A3D9C00BFBC40 /* Main.storyboard in Resources */,
				8E018DA61A2A3D9C00BFBC40 /* LaunchScreen.xib in Resources */,
				8E018DA31A2A3D9C00BFBC40 /* Images.xcassets in Resources */,
			);
			runOnlyForDeploymentPostprocessing = 0;
		};
		8E018DA91A2A3D9C00BFBC40 /* Resources */ = {
			isa = PBXResourcesBuildPhase;
			buildActionMask = 2147483647;
			files = (
			);
			runOnlyForDeploymentPostprocessing = 0;
		};
/* End PBXResourcesBuildPhase section */

/* Begin PBXSourcesBuildPhase section */
		8E018D921A2A3D9B00BFBC40 /* Sources */ = {
			isa = PBXSourcesBuildPhase;
			buildActionMask = 2147483647;
			files = (
				8E018DBD1A2A3DC100BFBC40 /* MABCardsContainer.swift in Sources */,
				8E018DBE1A2A3DC100BFBC40 /* MABCardView.swift in Sources */,
				8E018D9E1A2A3D9C00BFBC40 /* ViewController.swift in Sources */,
				8E018D9C1A2A3D9C00BFBC40 /* AppDelegate.swift in Sources */,
			);
			runOnlyForDeploymentPostprocessing = 0;
		};
		8E018DA71A2A3D9C00BFBC40 /* Sources */ = {
			isa = PBXSourcesBuildPhase;
			buildActionMask = 2147483647;
			files = (
				8E018DB21A2A3D9C00BFBC40 /* CardsDemoTests.swift in Sources */,
			);
			runOnlyForDeploymentPostprocessing = 0;
		};
/* End PBXSourcesBuildPhase section */

/* Begin PBXTargetDependency section */
		8E018DAD1A2A3D9C00BFBC40 /* PBXTargetDependency */ = {
			isa = PBXTargetDependency;
			target = 8E018D951A2A3D9B00BFBC40 /* CardsDemo */;
			targetProxy = 8E018DAC1A2A3D9C00BFBC40 /* PBXContainerItemProxy */;
		};
/* End PBXTargetDependency section */

/* Begin PBXVariantGroup section */
		8E018D9F1A2A3D9C00BFBC40 /* Main.storyboard */ = {
			isa = PBXVariantGroup;
			children = (
				8E018DA01A2A3D9C00BFBC40 /* Base */,
			);
			name = Main.storyboard;
			sourceTree = "<group>";
		};
		8E018DA41A2A3D9C00BFBC40 /* LaunchScreen.xib */ = {
			isa = PBXVariantGroup;
			children = (
				8E018DA51A2A3D9C00BFBC40 /* Base */,
			);
			name = LaunchScreen.xib;
			sourceTree = "<group>";
		};
/* End PBXVariantGroup section */

/* Begin XCBuildConfiguration section */
		8E018DB31A2A3D9C00BFBC40 /* Debug */ = {
			isa = XCBuildConfiguration;
			buildSettings = {
				ALWAYS_SEARCH_USER_PATHS = NO;
				CLANG_CXX_LANGUAGE_STANDARD = "gnu++0x";
				CLANG_CXX_LIBRARY = "libc++";
				CLANG_ENABLE_MODULES = YES;
				CLANG_ENABLE_OBJC_ARC = YES;
				CLANG_WARN_BOOL_CONVERSION = YES;
				CLANG_WARN_CONSTANT_CONVERSION = YES;
				CLANG_WARN_DIRECT_OBJC_ISA_USAGE = YES_ERROR;
				CLANG_WARN_EMPTY_BODY = YES;
				CLANG_WARN_ENUM_CONVERSION = YES;
				CLANG_WARN_INT_CONVERSION = YES;
				CLANG_WARN_OBJC_ROOT_CLASS = YES_ERROR;
				CLANG_WARN_UNREACHABLE_CODE = YES;
				CLANG_WARN__DUPLICATE_METHOD_MATCH = YES;
				"CODE_SIGN_IDENTITY[sdk=iphoneos*]" = "iPhone Developer";
				COPY_PHASE_STRIP = NO;
				ENABLE_STRICT_OBJC_MSGSEND = YES;
				GCC_C_LANGUAGE_STANDARD = gnu99;
				GCC_DYNAMIC_NO_PIC = NO;
				GCC_OPTIMIZATION_LEVEL = 0;
				GCC_PREPROCESSOR_DEFINITIONS = (
					"DEBUG=1",
					"$(inherited)",
				);
				GCC_SYMBOLS_PRIVATE_EXTERN = NO;
				GCC_WARN_64_TO_32_BIT_CONVERSION = YES;
				GCC_WARN_ABOUT_RETURN_TYPE = YES_ERROR;
				GCC_WARN_UNDECLARED_SELECTOR = YES;
				GCC_WARN_UNINITIALIZED_AUTOS = YES_AGGRESSIVE;
				GCC_WARN_UNUSED_FUNCTION = YES;
				GCC_WARN_UNUSED_VARIABLE = YES;
				IPHONEOS_DEPLOYMENT_TARGET = 8.1;
				MTL_ENABLE_DEBUG_INFO = YES;
				ONLY_ACTIVE_ARCH = YES;
				SDKROOT = iphoneos;
				SWIFT_OPTIMIZATION_LEVEL = "-Onone";
			};
			name = Debug;
		};
		8E018DB41A2A3D9C00BFBC40 /* Release */ = {
			isa = XCBuildConfiguration;
			buildSettings = {
				ALWAYS_SEARCH_USER_PATHS = NO;
				CLANG_CXX_LANGUAGE_STANDARD = "gnu++0x";
				CLANG_CXX_LIBRARY = "libc++";
				CLANG_ENABLE_MODULES = YES;
				CLANG_ENABLE_OBJC_ARC = YES;
				CLANG_WARN_BOOL_CONVERSION = YES;
				CLANG_WARN_CONSTANT_CONVERSION = YES;
				CLANG_WARN_DIRECT_OBJC_ISA_USAGE = YES_ERROR;
				CLANG_WARN_EMPTY_BODY = YES;
				CLANG_WARN_ENUM_CONVERSION = YES;
				CLANG_WARN_INT_CONVERSION = YES;
				CLANG_WARN_OBJC_ROOT_CLASS = YES_ERROR;
				CLANG_WARN_UNREACHABLE_CODE = YES;
				CLANG_WARN__DUPLICATE_METHOD_MATCH = YES;
				"CODE_SIGN_IDENTITY[sdk=iphoneos*]" = "iPhone Developer";
				COPY_PHASE_STRIP = YES;
				ENABLE_NS_ASSERTIONS = NO;
				ENABLE_STRICT_OBJC_MSGSEND = YES;
				GCC_C_LANGUAGE_STANDARD = gnu99;
				GCC_WARN_64_TO_32_BIT_CONVERSION = YES;
				GCC_WARN_ABOUT_RETURN_TYPE = YES_ERROR;
				GCC_WARN_UNDECLARED_SELECTOR = YES;
				GCC_WARN_UNINITIALIZED_AUTOS = YES_AGGRESSIVE;
				GCC_WARN_UNUSED_FUNCTION = YES;
				GCC_WARN_UNUSED_VARIABLE = YES;
				IPHONEOS_DEPLOYMENT_TARGET = 8.1;
				MTL_ENABLE_DEBUG_INFO = NO;
				SDKROOT = iphoneos;
				VALIDATE_PRODUCT = YES;
			};
			name = Release;
		};
		8E018DB61A2A3D9C00BFBC40 /* Debug */ = {
			isa = XCBuildConfiguration;
			buildSettings = {
				ASSETCATALOG_COMPILER_APPICON_NAME = AppIcon;
				INFOPLIST_FILE = CardsDemo/Info.plist;
				LD_RUNPATH_SEARCH_PATHS = "$(inherited) @executable_path/Frameworks";
				PRODUCT_NAME = "$(TARGET_NAME)";
			};
			name = Debug;
		};
		8E018DB71A2A3D9C00BFBC40 /* Release */ = {
			isa = XCBuildConfiguration;
			buildSettings = {
				ASSETCATALOG_COMPILER_APPICON_NAME = AppIcon;
				INFOPLIST_FILE = CardsDemo/Info.plist;
				LD_RUNPATH_SEARCH_PATHS = "$(inherited) @executable_path/Frameworks";
				PRODUCT_NAME = "$(TARGET_NAME)";
			};
			name = Release;
		};
		8E018DB91A2A3D9C00BFBC40 /* Debug */ = {
			isa = XCBuildConfiguration;
			buildSettings = {
				BUNDLE_LOADER = "$(TEST_HOST)";
				FRAMEWORK_SEARCH_PATHS = (
					"$(SDKROOT)/Developer/Library/Frameworks",
					"$(inherited)",
				);
				GCC_PREPROCESSOR_DEFINITIONS = (
					"DEBUG=1",
					"$(inherited)",
				);
				INFOPLIST_FILE = CardsDemoTests/Info.plist;
				LD_RUNPATH_SEARCH_PATHS = "$(inherited) @executable_path/Frameworks @loader_path/Frameworks";
				PRODUCT_NAME = "$(TARGET_NAME)";
				TEST_HOST = "$(BUILT_PRODUCTS_DIR)/CardsDemo.app/CardsDemo";
			};
			name = Debug;
		};
		8E018DBA1A2A3D9C00BFBC40 /* Release */ = {
			isa = XCBuildConfiguration;
			buildSettings = {
				BUNDLE_LOADER = "$(TEST_HOST)";
				FRAMEWORK_SEARCH_PATHS = (
					"$(SDKROOT)/Developer/Library/Frameworks",
					"$(inherited)",
				);
				INFOPLIST_FILE = CardsDemoTests/Info.plist;
				LD_RUNPATH_SEARCH_PATHS = "$(inherited) @executable_path/Frameworks @loader_path/Frameworks";
				PRODUCT_NAME = "$(TARGET_NAME)";
				TEST_HOST = "$(BUILT_PRODUCTS_DIR)/CardsDemo.app/CardsDemo";
			};
			name = Release;
		};
/* End XCBuildConfiguration section */

/* Begin XCConfigurationList section */
		8E018D911A2A3D9B00BFBC40 /* Build configuration list for PBXProject "CardsDemo" */ = {
			isa = XCConfigurationList;
			buildConfigurations = (
				8E018DB31A2A3D9C00BFBC40 /* Debug */,
				8E018DB41A2A3D9C00BFBC40 /* Release */,
			);
			defaultConfigurationIsVisible = 0;
			defaultConfigurationName = Release;
		};
		8E018DB51A2A3D9C00BFBC40 /* Build configuration list for PBXNativeTarget "CardsDemo" */ = {
			isa = XCConfigurationList;
			buildConfigurations = (
				8E018DB61A2A3D9C00BFBC40 /* Debug */,
				8E018DB71A2A3D9C00BFBC40 /* Release */,
			);
			defaultConfigurationIsVisible = 0;
		};
		8E018DB81A2A3D9C00BFBC40 /* Build configuration list for PBXNativeTarget "CardsDemoTests" */ = {
			isa = XCConfigurationList;
			buildConfigurations = (
				8E018DB91A2A3D9C00BFBC40 /* Debug */,
				8E018DBA1A2A3D9C00BFBC40 /* Release */,
			);
			defaultConfigurationIsVisible = 0;
		};
/* End XCConfigurationList section */
	};
	rootObject = 8E018D8E1A2A3D9B00BFBC40 /* Project object */;
}
